
Microsoft Visual Studio Solution File, Format Version 12.00
# Visual Studio Version 17
VisualStudioVersion = 17.14.36511.14 d17.14
MinimumVisualStudioVersion = 10.0.40219.1
Project("{8BC9CEB8-8B4A-11D0-8D11-00A0C91BC942}") = "task01.01", "task01.01\task01.01.vcxproj", "{6D59C832-A1A6-4B42-B544-848B77297886}"
EndProject
Project("{8BC9CEB8-8B4A-11D0-8D11-00A0C91BC942}") = "task01.02", "task01.02\task01.02.vcxproj", "{57203D13-1724-4220-BF63-B5B345F63CAB}"
EndProject
Project("{8BC9CEB8-8B4A-11D0-8D11-00A0C91BC942}") = "task02.01", "task02.01\task02.01.vcxproj", "{6A93712B-050B-4021-AAF2-5CB2BC5A6A98}"
EndProject
Project("{8BC9CEB8-8B4A-11D0-8D11-00A0C91BC942}") = "task02.02", "task02.02\task02.02.vcxproj", "{C0CD54D4-6C31-4B51-B5EE-B017B2119185}"
EndProject
Project("{8BC9CEB8-8B4A-11D0-8D11-00A0C91BC942}") = "task03.01", "task03.01\task03.01.vcxproj", "{EB2EC32D-B92C-4CF5-BC02-1BB17A3C4D3B}"
EndProject
Global
	GlobalSection(SolutionConfigurationPlatforms) = preSolution
		Debug|x64 = Debug|x64
		Debug|x86 = Debug|x86
		Release|x64 = Release|x64
		Release|x86 = Release|x86
	EndGlobalSection
	GlobalSection(ProjectConfigurationPlatforms) = postSolution
		{6D59C832-A1A6-4B42-B544-848B77297886}.Debug|x64.ActiveCfg = Debug|x64
		{6D59C832-A1A6-4B42-B544-848B77297886}.Debug|x64.Build.0 = Debug|x64
		{6D59C832-A1A6-4B42-B544-848B77297886}.Debug|x86.ActiveCfg = Debug|Win32
		{6D59C832-A1A6-4B42-B544-848B77297886}.Debug|x86.Build.0 = Debug|Win32
		{6D59C832-A1A6-4B42-B544-848B77297886}.Release|x64.ActiveCfg = Release|x64
		{6D59C832-A1A6-4B42-B544-848B77297886}.Release|x64.Build.0 = Release|x64
		{6D59C832-A1A6-4B42-B544-848B77297886}.Release|x86.ActiveCfg = Release|Win32
		{6D59C832-A1A6-4B42-B544-848B77297886}.Release|x86.Build.0 = Release|Win32
		{57203D13-1724-4220-BF63-B5B345F63CAB}.Debug|x64.ActiveCfg = Debug|x64
		{57203D13-1724-4220-BF63-B5B345F63CAB}.Debug|x64.Build.0 = Debug|x64
		{57203D13-1724-4220-BF63-B5B345F63CAB}.Debug|x86.ActiveCfg = Debug|Win32
		{57203D13-1724-4220-BF63-B5B345F63CAB}.Debug|x86.Build.0 = Debug|Win32
		{57203D13-1724-4220-BF63-B5B345F63CAB}.Release|x64.ActiveCfg = Release|x64
		{57203D13-1724-4220-BF63-B5B345F63CAB}.Release|x64.Build.0 = Release|x64
		{57203D13-1724-4220-BF63-B5B345F63CAB}.Release|x86.ActiveCfg = Release|Win32
		{57203D13-1724-4220-BF63-B5B345F63CAB}.Release|x86.Build.0 = Release|Win32
		{6A93712B-050B-4021-AAF2-5CB2BC5A6A98}.Debug|x64.ActiveCfg = Debug|x64
		{6A93712B-050B-4021-AAF2-5CB2BC5A6A98}.Debug|x64.Build.0 = Debug|x64
		{6A93712B-050B-4021-AAF2-5CB2BC5A6A98}.Debug|x86.ActiveCfg = Debug|Win32
		{6A93712B-050B-4021-AAF2-5CB2BC5A6A98}.Debug|x86.Build.0 = Debug|Win32
		{6A93712B-050B-4021-AAF2-5CB2BC5A6A98}.Release|x64.ActiveCfg = Release|x64
		{6A93712B-050B-4021-AAF2-5CB2BC5A6A98}.Release|x64.Build.0 = Release|x64
		{6A93712B-050B-4021-AAF2-5CB2BC5A6A98}.Release|x86.ActiveCfg = Release|Win32
		{6A93712B-050B-4021-AAF2-5CB2BC5A6A98}.Release|x86.Build.0 = Release|Win32
		{C0CD54D4-6C31-4B51-B5EE-B017B2119185}.Debug|x64.ActiveCfg = Debug|x64
		{C0CD54D4-6C31-4B51-B5EE-B017B2119185}.Debug|x64.Build.0 = Debug|x64
		{C0CD54D4-6C31-4B51-B5EE-B017B2119185}.Debug|x86.ActiveCfg = Debug|Win32
		{C0CD54D4-6C31-4B51-B5EE-B017B2119185}.Debug|x86.Build.0 = Debug|Win32
		{C0CD54D4-6C31-4B51-B5EE-B017B2119185}.Release|x64.ActiveCfg = Release|x64
		{C0CD54D4-6C31-4B51-B5EE-B017B2119185}.Release|x64.Build.0 = Release|x64
		{C0CD54D4-6C31-4B51-B5EE-B017B2119185}.Release|x86.ActiveCfg = Release|Win32
		{C0CD54D4-6C31-4B51-B5EE-B017B2119185}.Release|x86.Build.0 = Release|Win32
		{EB2EC32D-B92C-4CF5-BC02-1BB17A3C4D3B}.Debug|x64.ActiveCfg = Debug|x64
		{EB2EC32D-B92C-4CF5-BC02-1BB17A3C4D3B}.Debug|x64.Build.0 = Debug|x64
		{EB2EC32D-B92C-4CF5-BC02-1BB17A3C4D3B}.Debug|x86.ActiveCfg = Debug|Win32
		{EB2EC32D-B92C-4CF5-BC02-1BB17A3C4D3B}.Debug|x86.Build.0 = Debug|Win32
		{EB2EC32D-B92C-4CF5-BC02-1BB17A3C4D3B}.Release|x64.ActiveCfg = Release|x64
		{EB2EC32D-B92C-4CF5-BC02-1BB17A3C4D3B}.Release|x64.Build.0 = Release|x64
		{EB2EC32D-B92C-4CF5-BC02-1BB17A3C4D3B}.Release|x86.ActiveCfg = Release|Win32
		{EB2EC32D-B92C-4CF5-BC02-1BB17A3C4D3B}.Release|x86.Build.0 = Release|Win32
	EndGlobalSection
	GlobalSection(SolutionProperties) = preSolution
		HideSolutionNode = FALSE
	EndGlobalSection
	GlobalSection(ExtensibilityGlobals) = postSolution
		SolutionGuid = {9B1F07E6-945B-4653-AA12-05A916450FF9}
	EndGlobalSection
EndGlobal
